
Microsoft Visual Studio Solution File, Format Version 11.00
# Visual Studio 2010
Project("{8BC9CEB8-8B4A-11D0-8D11-00A0C91BC942}") = "ADINT", "ADINT.vcxproj", "{6F78C129-3517-6335-AFD4-35170FB31F71}"
EndProject
Global
	GlobalSection(SolutionConfigurationPlatforms) = preSolution
		Debug|Win32 = Debug|Win32
		Release|Win32 = Release|Win32
	EndGlobalSection
	GlobalSection(ProjectConfigurationPlatforms) = postSolution
		{6F78C129-3517-6335-AFD4-35170FB31F71}.Debug|Win32.ActiveCfg = Debug|Win32
		{6F78C129-3517-6335-AFD4-35170FB31F71}.Debug|Win32.Build.0 = Debug|Win32
		{6F78C129-3517-6335-AFD4-35170FB31F71}.Release|Win32.ActiveCfg = Release|Win32
		{6F78C129-3517-6335-AFD4-35170FB31F71}.Release|Win32.Build.0 = Release|Win32
		{F2634C2C-E1F8-47CD-A32F-E325BD5AAAA4}.Debug|Win32.ActiveCfg = Debug|Win32
		{F2634C2C-E1F8-47CD-A32F-E325BD5AAAA4}.Debug|Win32.Build.0 = Debug|Win32
		{F2634C2C-E1F8-47CD-A32F-E325BD5AAAA4}.Release|Win32.ActiveCfg = Release|Win32
		{F2634C2C-E1F8-47CD-A32F-E325BD5AAAA4}.Release|Win32.Build.0 = Release|Win32
	EndGlobalSection
	GlobalSection(SolutionProperties) = preSolution
		HideSolutionNode = FALSE
	EndGlobalSection
EndGlobal
